Microsoft Visual Studio Solution File, Format Version 12.00
# Visual Studio Version 17
VisualStudioVersion = 17.0.31903.59
MinimumVisualStudioVersion = 10.0.40219.1
Project("{FAE04EC0-301F-11D3-BF4B-00C04F79EFBC}") = "IPTVDownloader", "src\IPTVDownloader\IPTVDownloader.csproj", "{9FA5E2A4-6D97-4D9D-A4A7-8741C40F9B42}"
EndProject
Project("{FAE04EC0-301F-11D3-BF4B-00C04F79EFBC}") = "IPTVDownloader.Android", "src\IPTVDownloader.Android\IPTVDownloader.Android.csproj", "{B33B8514-D42E-4EF7-9FC1-A2F997793D7B}"
EndProject
Global
    GlobalSection(SolutionConfigurationPlatforms) = preSolution
        Debug|Any CPU = Debug|Any CPU
        Release|Any CPU = Release|Any CPU
    EndGlobalSection
    GlobalSection(ProjectConfigurationPlatforms) = postSolution
        {9FA5E2A4-6D97-4D9D-A4A7-8741C40F9B42}.Debug|Any CPU.ActiveCfg = Debug|Any CPU
        {9FA5E2A4-6D97-4D9D-A4A7-8741C40F9B42}.Debug|Any CPU.Build.0 = Debug|Any CPU
        {9FA5E2A4-6D97-4D9D-A4A7-8741C40F9B42}.Release|Any CPU.ActiveCfg = Release|Any CPU
        {9FA5E2A4-6D97-4D9D-A4A7-8741C40F9B42}.Release|Any CPU.Build.0 = Release|Any CPU
    EndGlobalSection
EndGlobal
